// !$*UTF8*$!
{
	archiveVersion = 1;
	classes = {
	};
	objectVersion = 46;
	objects = {

/* Begin PBXBuildFile section */
		962309AB1BF24F92003D158D /* main.m in Sources */ = {isa = PBXBuildFile; fileRef = 962309AA1BF24F92003D158D /* main.m */; };
		962309AE1BF24F92003D158D /* AppDelegate.m in Sources */ = {isa = PBXBuildFile; fileRef = 962309AD1BF24F92003D158D /* AppDelegate.m */; };
		962309B11BF24F92003D158D /* ViewController.m in Sources */ = {isa = PBXBuildFile; fileRef = 962309B01BF24F92003D158D /* ViewController.m */; };
		962309B41BF24F92003D158D /* Main.storyboard in Resources */ = {isa = PBXBuildFile; fileRef = 962309B21BF24F92003D158D /* Main.storyboard */; };
		962309B61BF24F92003D158D /* Assets.xcassets in Resources */ = {isa = PBXBuildFile; fileRef = 962309B51BF24F92003D158D /* Assets.xcassets */; };
		962309B91BF24F92003D158D /* LaunchScreen.storyboard in Resources */ = {isa = PBXBuildFile; fileRef = 962309B71BF24F92003D158D /* LaunchScreen.storyboard */; };
		962309C21BF24FA7003D158D /* applaudissements.caf in Resources */ = {isa = PBXBuildFile; fileRef = 962309C11BF24FA7003D158D /* applaudissements.caf */; };
		962309C41BF24FBF003D158D /* AudioToolbox.framework in Frameworks */ = {isa = PBXBuildFile; fileRef = 962309C31BF24FBF003D158D /* AudioToolbox.framework */; };
/* End PBXBuildFile section */

/* Begin PBXFileReference section */
		962309A61BF24F92003D158D /* ecouteAudio.app */ = {isa = PBXFileReference; explicitFileType = wrapper.application; includeInIndex = 0; path = ecouteAudio.app; sourceTree = BUILT_PRODUCTS_DIR; };
		962309AA1BF24F92003D158D /* main.m */ = {isa = PBXFileReference; lastKnownFileType = sourcecode.c.objc; path = main.m; sourceTree = "<group>"; };
		962309AC1BF24F92003D158D /* AppDelegate.h */ = {isa = PBXFileReference; lastKnownFileType = sourcecode.c.h; path = AppDelegate.h; sourceTree = "<group>"; };
		962309AD1BF24F92003D158D /* AppDelegate.m */ = {isa = PBXFileReference; lastKnownFileType = sourcecode.c.objc; path = AppDelegate.m; sourceTree = "<group>"; };
		962309AF1BF24F92003D158D /* ViewController.h */ = {isa = PBXFileReference; lastKnownFileType = sourcecode.c.h; path = ViewController.h; sourceTree = "<group>"; };
		962309B01BF24F92003D158D /* ViewController.m */ = {isa = PBXFileReference; lastKnownFileType = sourcecode.c.objc; path = ViewController.m; sourceTree = "<group>"; };
		962309B31BF24F92003D158D /* Base */ = {isa = PBXFileReference; lastKnownFileType = file.storyboard; name = Base; path = Base.lproj/Main.storyboard; sourceTree = "<group>"; };
		962309B51BF24F92003D158D /* Assets.xcassets */ = {isa = PBXFileReference; lastKnownFileType = folder.assetcatalog; path = Assets.xcassets; sourceTree = "<group>"; };
		962309B81BF24F92003D158D /* Base */ = {isa = PBXFileReference; lastKnownFileType = file.storyboard; name = Base; path = Base.lproj/LaunchScreen.storyboard; sourceTree = "<group>"; };
		962309BA1BF24F92003D158D /* Info.plist */ = {isa = PBXFileReference; lastKnownFileType = text.plist.xml; path = Info.plist; sourceTree = "<group>"; };
		962309C11BF24FA7003D158D /* applaudissements.caf */ = {isa = PBXFileReference; lastKnownFileType = file; path = applaudissements.caf; sourceTree = "<group>"; };
		962309C31BF24FBF003D158D /* AudioToolbox.framework */ = {isa = PBXFileReference; lastKnownFileType = wrapper.framework; name = AudioToolbox.framework; path = System/Library/Frameworks/AudioToolbox.framework; sourceTree = SDKROOT; };
/* End PBXFileReference section */

/* Begin PBXFrameworksBuildPhase section */
		962309A31BF24F92003D158D /* Frameworks */ = {
			isa = PBXFrameworksBuildPhase;
			buildActionMask = 2147483647;
			files = (
				962309C41BF24FBF003D158D /* AudioToolbox.framework in Frameworks */,
			);
			runOnlyForDeploymentPostprocessing = 0;
		};
/* End PBXFrameworksBuildPhase section */

/* Begin PBXGroup section */
		9623099D1BF24F92003D158D = {
			isa = PBXGroup;
			children = (
				962309C31BF24FBF003D158D /* AudioToolbox.framework */,
				962309A81BF24F92003D158D /* ecouteAudio */,
				962309A71BF24F92003D158D /* Products */,
			);
			sourceTree = "<group>";
		};
		962309A71BF24F92003D158D /* Products */ = {
			isa = PBXGroup;
			children = (
				962309A61BF24F92003D158D /* ecouteAudio.app */,
			);
			name = Products;
			sourceTree = "<group>";
		};
		962309A81BF24F92003D158D /* ecouteAudio */ = {
			isa = PBXGroup;
			children = (
				962309C01BF24F9E003D158D /* Resources */,
				962309AC1BF24F92003D158D /* AppDelegate.h */,
				962309AD1BF24F92003D158D /* AppDelegate.m */,
				962309AF1BF24F92003D158D /* ViewController.h */,
				962309B01BF24F92003D158D /* ViewController.m */,
				962309B21BF24F92003D158D /* Main.storyboard */,
				962309B51BF24F92003D158D /* Assets.xcassets */,
				962309B71BF24F92003D158D /* LaunchScreen.storyboard */,
				962309BA1BF24F92003D158D /* Info.plist */,
				962309A91BF24F92003D158D /* Supporting Files */,
			);
			path = ecouteAudio;
			sourceTree = "<group>";
		};
		962309A91BF24F92003D158D /* Supporting Files */ = {
			isa = PBXGroup;
			children = (
				962309AA1BF24F92003D158D /* main.m */,
			);
			name = "Supporting Files";
			sourceTree = "<group>";
		};
		962309C01BF24F9E003D158D /* Resources */ = {
			isa = PBXGroup;
			children = (
				962309C11BF24FA7003D158D /* applaudissements.caf */,
			);
			name = Resources;
			sourceTree = "<group>";
		};
/* End PBXGroup section */

/* Begin PBXNativeTarget section */
		962309A51BF24F92003D158D /* ecouteAudio */ = {
			isa = PBXNativeTarget;
			buildConfigurationList = 962309BD1BF24F92003D158D /* Build configuration list for PBXNativeTarget "ecouteAudio" */;
			buildPhases = (
				962309A21BF24F92003D158D /* Sources */,
				962309A31BF24F92003D158D /* Frameworks */,
				962309A41BF24F92003D158D /* Resources */,
			);
			buildRules = (
			);
			dependencies = (
			);
			name = ecouteAudio;
			productName = ecouteAudio;
			productReference = 962309A61BF24F92003D158D /* ecouteAudio.app */;
			productType = "com.apple.product-type.application";
		};
/* End PBXNativeTarget section */

/* Begin PBXProject section */
		9623099E1BF24F92003D158D /* Project object */ = {
			isa = PBXProject;
			attributes = {
				LastUpgradeCheck = 0710;
				ORGANIZATIONNAME = "Baptiste Lanusse";
				TargetAttributes = {
					962309A51BF24F92003D158D = {
						CreatedOnToolsVersion = 7.1;
					};
				};
			};
			buildConfigurationList = 962309A11BF24F92003D158D /* Build configuration list for PBXProject "ecouteAudio" */;
			compatibilityVersion = "Xcode 3.2";
			developmentRegion = English;
			hasScannedForEncodings = 0;
			knownRegions = (
				en,
				Base,
			);
			mainGroup = 9623099D1BF24F92003D158D;
			productRefGroup = 962309A71BF24F92003D158D /* Products */;
			projectDirPath = "";
			projectRoot = "";
			targets = (
				962309A51BF24F92003D158D /* ecouteAudio */,
			);
		};
/* End PBXProject section */

/* Begin PBXResourcesBuildPhase section */
		962309A41BF24F92003D158D /* Resources */ = {
			isa = PBXResourcesBuildPhase;
			buildActionMask = 2147483647;
			files = (
				962309B91BF24F92003D158D /* LaunchScreen.storyboard in Resources */,
				962309B61BF24F92003D158D /* Assets.xcassets in Resources */,
				962309C21BF24FA7003D158D /* applaudissements.caf in Resources */,
				962309B41BF24F92003D158D /* Main.storyboard in Resources */,
			);
			runOnlyForDeploymentPostprocessing = 0;
		};
/* End PBXResourcesBuildPhase section */

/* Begin PBXSourcesBuildPhase section */
		962309A21BF24F92003D158D /* Sources */ = {
			isa = PBXSourcesBuildPhase;
			buildActionMask = 2147483647;
			files = (
				962309B11BF24F92003D158D /* ViewController.m in Sources */,
				962309AE1BF24F92003D158D /* AppDelegate.m in Sources */,
				962309AB1BF24F92003D158D /* main.m in Sources */,
			);
			runOnlyForDeploymentPostprocessing = 0;
		};
/* End PBXSourcesBuildPhase section */

/* Begin PBXVariantGroup section */
		962309B21BF24F92003D158D /* Main.storyboard */ = {
			isa = PBXVariantGroup;
			children = (
				962309B31BF24F92003D158D /* Base */,
			);
			name = Main.storyboard;
			sourceTree = "<group>";
		};
		962309B71BF24F92003D158D /* LaunchScreen.storyboard */ = {
			isa = PBXVariantGroup;
			children = (
				962309B81BF24F92003D158D /* Base */,
			);
			name = LaunchScreen.storyboard;
			sourceTree = "<group>";
		};
/* End PBXVariantGroup section */

/* Begin XCBuildConfiguration section */
		962309BB1BF24F92003D158D /* Debug */ = {
			isa = XCBuildConfiguration;
			buildSettings = {
				ALWAYS_SEARCH_USER_PATHS = NO;
				CLANG_CXX_LANGUAGE_STANDARD = "gnu++0x";
				CLANG_CXX_LIBRARY = "libc++";
				CLANG_ENABLE_MODULES = YES;
				CLANG_ENABLE_OBJC_ARC = YES;
				CLANG_WARN_BOOL_CONVERSION = YES;
				CLANG_WARN_CONSTANT_CONVERSION = YES;
				CLANG_WARN_DIRECT_OBJC_ISA_USAGE = YES_ERROR;
				CLANG_WARN_EMPTY_BODY = YES;
				CLANG_WARN_ENUM_CONVERSION = YES;
				CLANG_WARN_INT_CONVERSION = YES;
				CLANG_WARN_OBJC_ROOT_CLASS = YES_ERROR;
				CLANG_WARN_UNREACHABLE_CODE = YES;
				CLANG_WARN__DUPLICATE_METHOD_MATCH = YES;
				"CODE_SIGN_IDENTITY[sdk=iphoneos*]" = "iPhone Developer";
				COPY_PHASE_STRIP = NO;
				DEBUG_INFORMATION_FORMAT = dwarf;
				ENABLE_STRICT_OBJC_MSGSEND = YES;
				ENABLE_TESTABILITY = YES;
				GCC_C_LANGUAGE_STANDARD = gnu99;
				GCC_DYNAMIC_NO_PIC = NO;
				GCC_NO_COMMON_BLOCKS = YES;
				GCC_OPTIMIZATION_LEVEL = 0;
				GCC_PREPROCESSOR_DEFINITIONS = (
					"DEBUG=1",
					"$(inherited)",
				);
				GCC_WARN_64_TO_32_BIT_CONVERSION = YES;
				GCC_WARN_ABOUT_RETURN_TYPE = YES_ERROR;
				GCC_WARN_UNDECLARED_SELECTOR = YES;
				GCC_WARN_UNINITIALIZED_AUTOS = YES_AGGRESSIVE;
				GCC_WARN_UNUSED_FUNCTION = YES;
				GCC_WARN_UNUSED_VARIABLE = YES;
				IPHONEOS_DEPLOYMENT_TARGET = 9.1;
				MTL_ENABLE_DEBUG_INFO = YES;
				ONLY_ACTIVE_ARCH = YES;
				SDKROOT = iphoneos;
				TARGETED_DEVICE_FAMILY = "1,2";
			};
			name = Debug;
		};
		962309BC1BF24F92003D158D /* Release */ = {
			isa = XCBuildConfiguration;
			buildSettings = {
				ALWAYS_SEARCH_USER_PATHS = NO;
				CLANG_CXX_LANGUAGE_STANDARD = "gnu++0x";
				CLANG_CXX_LIBRARY = "libc++";
				CLANG_ENABLE_MODULES = YES;
				CLANG_ENABLE_OBJC_ARC = YES;
				CLANG_WARN_BOOL_CONVERSION = YES;
				CLANG_WARN_CONSTANT_CONVERSION = YES;
				CLANG_WARN_DIRECT_OBJC_ISA_USAGE = YES_ERROR;
				CLANG_WARN_EMPTY_BODY = YES;
				CLANG_WARN_ENUM_CONVERSION = YES;
				CLANG_WARN_INT_CONVERSION = YES;
				CLANG_WARN_OBJC_ROOT_CLASS = YES_ERROR;
				CLANG_WARN_UNREACHABLE_CODE = YES;
				CLANG_WARN__DUPLICATE_METHOD_MATCH = YES;
				"CODE_SIGN_IDENTITY[sdk=iphoneos*]" = "iPhone Developer";
				COPY_PHASE_STRIP = NO;
				DEBUG_INFORMATION_FORMAT = "dwarf-with-dsym";
				ENABLE_NS_ASSERTIONS = NO;
				ENABLE_STRICT_OBJC_MSGSEND = YES;
				GCC_C_LANGUAGE_STANDARD = gnu99;
				GCC_NO_COMMON_BLOCKS = YES;
				GCC_WARN_64_TO_32_BIT_CONVERSION = YES;
				GCC_WARN_ABOUT_RETURN_TYPE = YES_ERROR;
				GCC_WARN_UNDECLARED_SELECTOR = YES;
				GCC_WARN_UNINITIALIZED_AUTOS = YES_AGGRESSIVE;
				GCC_WARN_UNUSED_FUNCTION = YES;
				GCC_WARN_UNUSED_VARIABLE = YES;
				IPHONEOS_DEPLOYMENT_TARGET = 9.1;
				MTL_ENABLE_DEBUG_INFO = NO;
				SDKROOT = iphoneos;
				TARGETED_DEVICE_FAMILY = "1,2";
				VALIDATE_PRODUCT = YES;
			};
			name = Release;
		};
		962309BE1BF24F92003D158D /* Debug */ = {
			isa = XCBuildConfiguration;
			buildSettings = {
				ASSETCATALOG_COMPILER_APPICON_NAME = AppIcon;
				INFOPLIST_FILE = ecouteAudio/Info.plist;
				LD_RUNPATH_SEARCH_PATHS = "$(inherited) @executable_path/Frameworks";
				PRODUCT_BUNDLE_IDENTIFIER = fr.test.ecouteAudio;
				PRODUCT_NAME = "$(TARGET_NAME)";
			};
			name = Debug;
		};
		962309BF1BF24F92003D158D /* Release */ = {
			isa = XCBuildConfiguration;
			buildSettings = {
				ASSETCATALOG_COMPILER_APPICON_NAME = AppIcon;
				INFOPLIST_FILE = ecouteAudio/Info.plist;
				LD_RUNPATH_SEARCH_PATHS = "$(inherited) @executable_path/Frameworks";
				PRODUCT_BUNDLE_IDENTIFIER = fr.test.ecouteAudio;
				PRODUCT_NAME = "$(TARGET_NAME)";
			};
			name = Release;
		};
/* End XCBuildConfiguration section */

/* Begin XCConfigurationList section */
		962309A11BF24F92003D158D /* Build configuration list for PBXProject "ecouteAudio" */ = {
			isa = XCConfigurationList;
			buildConfigurations = (
				962309BB1BF24F92003D158D /* Debug */,
				962309BC1BF24F92003D158D /* Release */,
			);
			defaultConfigurationIsVisible = 0;
			defaultConfigurationName = Release;
		};
		962309BD1BF24F92003D158D /* Build configuration list for PBXNativeTarget "ecouteAudio" */ = {
			isa = XCConfigurationList;
			buildConfigurations = (
				962309BE1BF24F92003D158D /* Debug */,
				962309BF1BF24F92003D158D /* Release */,
			);
			defaultConfigurationIsVisible = 0;
		};
/* End XCConfigurationList section */
	};
	rootObject = 9623099E1BF24F92003D158D /* Project object */;
}
