// !$*UTF8*$!
{
	archiveVersion = 1;
	classes = {
	};
	objectVersion = 46;
	objects = {

/* Begin PBXBuildFile section */
		96891DBC1BE0C6A8002FBB76 /* main.m in Sources */ = {isa = PBXBuildFile; fileRef = 96891DBB1BE0C6A8002FBB76 /* main.m */; };
		96891DBF1BE0C6A8002FBB76 /* AppDelegate.m in Sources */ = {isa = PBXBuildFile; fileRef = 96891DBE1BE0C6A8002FBB76 /* AppDelegate.m */; };
		96891DC21BE0C6A8002FBB76 /* ViewController.m in Sources */ = {isa = PBXBuildFile; fileRef = 96891DC11BE0C6A8002FBB76 /* ViewController.m */; };
		96891DC51BE0C6A8002FBB76 /* Main.storyboard in Resources */ = {isa = PBXBuildFile; fileRef = 96891DC31BE0C6A8002FBB76 /* Main.storyboard */; };
		96891DC71BE0C6A8002FBB76 /* Assets.xcassets in Resources */ = {isa = PBXBuildFile; fileRef = 96891DC61BE0C6A8002FBB76 /* Assets.xcassets */; };
		96891DCA1BE0C6A8002FBB76 /* LaunchScreen.storyboard in Resources */ = {isa = PBXBuildFile; fileRef = 96891DC81BE0C6A8002FBB76 /* LaunchScreen.storyboard */; };
		96891DD51BE0D61D002FBB76 /* Voiture.m in Sources */ = {isa = PBXBuildFile; fileRef = 96891DD41BE0D61D002FBB76 /* Voiture.m */; };
/* End PBXBuildFile section */

/* Begin PBXFileReference section */
		96891DB71BE0C6A8002FBB76 /* test.app */ = {isa = PBXFileReference; explicitFileType = wrapper.application; includeInIndex = 0; path = test.app; sourceTree = BUILT_PRODUCTS_DIR; };
		96891DBB1BE0C6A8002FBB76 /* main.m */ = {isa = PBXFileReference; lastKnownFileType = sourcecode.c.objc; path = main.m; sourceTree = "<group>"; };
		96891DBD1BE0C6A8002FBB76 /* AppDelegate.h */ = {isa = PBXFileReference; lastKnownFileType = sourcecode.c.h; path = AppDelegate.h; sourceTree = "<group>"; };
		96891DBE1BE0C6A8002FBB76 /* AppDelegate.m */ = {isa = PBXFileReference; lastKnownFileType = sourcecode.c.objc; path = AppDelegate.m; sourceTree = "<group>"; };
		96891DC01BE0C6A8002FBB76 /* ViewController.h */ = {isa = PBXFileReference; lastKnownFileType = sourcecode.c.h; path = ViewController.h; sourceTree = "<group>"; };
		96891DC11BE0C6A8002FBB76 /* ViewController.m */ = {isa = PBXFileReference; lastKnownFileType = sourcecode.c.objc; path = ViewController.m; sourceTree = "<group>"; };
		96891DC41BE0C6A8002FBB76 /* Base */ = {isa = PBXFileReference; lastKnownFileType = file.storyboard; name = Base; path = Base.lproj/Main.storyboard; sourceTree = "<group>"; };
		96891DC61BE0C6A8002FBB76 /* Assets.xcassets */ = {isa = PBXFileReference; lastKnownFileType = folder.assetcatalog; path = Assets.xcassets; sourceTree = "<group>"; };
		96891DC91BE0C6A8002FBB76 /* Base */ = {isa = PBXFileReference; lastKnownFileType = file.storyboard; name = Base; path = Base.lproj/LaunchScreen.storyboard; sourceTree = "<group>"; };
		96891DCB1BE0C6A8002FBB76 /* Info.plist */ = {isa = PBXFileReference; lastKnownFileType = text.plist.xml; path = Info.plist; sourceTree = "<group>"; };
		96891DD31BE0D61D002FBB76 /* Voiture.h */ = {isa = PBXFileReference; fileEncoding = 4; lastKnownFileType = sourcecode.c.h; path = Voiture.h; sourceTree = "<group>"; };
		96891DD41BE0D61D002FBB76 /* Voiture.m */ = {isa = PBXFileReference; fileEncoding = 4; lastKnownFileType = sourcecode.c.objc; path = Voiture.m; sourceTree = "<group>"; };
/* End PBXFileReference section */

/* Begin PBXFrameworksBuildPhase section */
		96891DB41BE0C6A8002FBB76 /* Frameworks */ = {
			isa = PBXFrameworksBuildPhase;
			buildActionMask = 2147483647;
			files = (
			);
			runOnlyForDeploymentPostprocessing = 0;
		};
/* End PBXFrameworksBuildPhase section */

/* Begin PBXGroup section */
		96891DAE1BE0C6A8002FBB76 = {
			isa = PBXGroup;
			children = (
				96891DB91BE0C6A8002FBB76 /* test */,
				96891DB81BE0C6A8002FBB76 /* Products */,
			);
			sourceTree = "<group>";
		};
		96891DB81BE0C6A8002FBB76 /* Products */ = {
			isa = PBXGroup;
			children = (
				96891DB71BE0C6A8002FBB76 /* test.app */,
			);
			name = Products;
			sourceTree = "<group>";
		};
		96891DB91BE0C6A8002FBB76 /* test */ = {
			isa = PBXGroup;
			children = (
				96891DBD1BE0C6A8002FBB76 /* AppDelegate.h */,
				96891DBE1BE0C6A8002FBB76 /* AppDelegate.m */,
				96891DC01BE0C6A8002FBB76 /* ViewController.h */,
				96891DC11BE0C6A8002FBB76 /* ViewController.m */,
				96891DD31BE0D61D002FBB76 /* Voiture.h */,
				96891DD41BE0D61D002FBB76 /* Voiture.m */,
				96891DC31BE0C6A8002FBB76 /* Main.storyboard */,
				96891DC61BE0C6A8002FBB76 /* Assets.xcassets */,
				96891DC81BE0C6A8002FBB76 /* LaunchScreen.storyboard */,
				96891DCB1BE0C6A8002FBB76 /* Info.plist */,
				96891DBA1BE0C6A8002FBB76 /* Supporting Files */,
			);
			path = test;
			sourceTree = "<group>";
		};
		96891DBA1BE0C6A8002FBB76 /* Supporting Files */ = {
			isa = PBXGroup;
			children = (
				96891DBB1BE0C6A8002FBB76 /* main.m */,
			);
			name = "Supporting Files";
			sourceTree = "<group>";
		};
/* End PBXGroup section */

/* Begin PBXNativeTarget section */
		96891DB61BE0C6A8002FBB76 /* test */ = {
			isa = PBXNativeTarget;
			buildConfigurationList = 96891DCE1BE0C6A8002FBB76 /* Build configuration list for PBXNativeTarget "test" */;
			buildPhases = (
				96891DB31BE0C6A8002FBB76 /* Sources */,
				96891DB41BE0C6A8002FBB76 /* Frameworks */,
				96891DB51BE0C6A8002FBB76 /* Resources */,
			);
			buildRules = (
			);
			dependencies = (
			);
			name = test;
			productName = test;
			productReference = 96891DB71BE0C6A8002FBB76 /* test.app */;
			productType = "com.apple.product-type.application";
		};
/* End PBXNativeTarget section */

/* Begin PBXProject section */
		96891DAF1BE0C6A8002FBB76 /* Project object */ = {
			isa = PBXProject;
			attributes = {
				LastUpgradeCheck = 0710;
				ORGANIZATIONNAME = "Baptiste Lanusse";
				TargetAttributes = {
					96891DB61BE0C6A8002FBB76 = {
						CreatedOnToolsVersion = 7.1;
					};
				};
			};
			buildConfigurationList = 96891DB21BE0C6A8002FBB76 /* Build configuration list for PBXProject "test" */;
			compatibilityVersion = "Xcode 3.2";
			developmentRegion = English;
			hasScannedForEncodings = 0;
			knownRegions = (
				en,
				Base,
			);
			mainGroup = 96891DAE1BE0C6A8002FBB76;
			productRefGroup = 96891DB81BE0C6A8002FBB76 /* Products */;
			projectDirPath = "";
			projectRoot = "";
			targets = (
				96891DB61BE0C6A8002FBB76 /* test */,
			);
		};
/* End PBXProject section */

/* Begin PBXResourcesBuildPhase section */
		96891DB51BE0C6A8002FBB76 /* Resources */ = {
			isa = PBXResourcesBuildPhase;
			buildActionMask = 2147483647;
			files = (
				96891DCA1BE0C6A8002FBB76 /* LaunchScreen.storyboard in Resources */,
				96891DC71BE0C6A8002FBB76 /* Assets.xcassets in Resources */,
				96891DC51BE0C6A8002FBB76 /* Main.storyboard in Resources */,
			);
			runOnlyForDeploymentPostprocessing = 0;
		};
/* End PBXResourcesBuildPhase section */

/* Begin PBXSourcesBuildPhase section */
		96891DB31BE0C6A8002FBB76 /* Sources */ = {
			isa = PBXSourcesBuildPhase;
			buildActionMask = 2147483647;
			files = (
				96891DC21BE0C6A8002FBB76 /* ViewController.m in Sources */,
				96891DBF1BE0C6A8002FBB76 /* AppDelegate.m in Sources */,
				96891DD51BE0D61D002FBB76 /* Voiture.m in Sources */,
				96891DBC1BE0C6A8002FBB76 /* main.m in Sources */,
			);
			runOnlyForDeploymentPostprocessing = 0;
		};
/* End PBXSourcesBuildPhase section */

/* Begin PBXVariantGroup section */
		96891DC31BE0C6A8002FBB76 /* Main.storyboard */ = {
			isa = PBXVariantGroup;
			children = (
				96891DC41BE0C6A8002FBB76 /* Base */,
			);
			name = Main.storyboard;
			sourceTree = "<group>";
		};
		96891DC81BE0C6A8002FBB76 /* LaunchScreen.storyboard */ = {
			isa = PBXVariantGroup;
			children = (
				96891DC91BE0C6A8002FBB76 /* Base */,
			);
			name = LaunchScreen.storyboard;
			sourceTree = "<group>";
		};
/* End PBXVariantGroup section */

/* Begin XCBuildConfiguration section */
		96891DCC1BE0C6A8002FBB76 /* Debug */ = {
			isa = XCBuildConfiguration;
			buildSettings = {
				ALWAYS_SEARCH_USER_PATHS = NO;
				CLANG_CXX_LANGUAGE_STANDARD = "gnu++0x";
				CLANG_CXX_LIBRARY = "libc++";
				CLANG_ENABLE_MODULES = YES;
				CLANG_ENABLE_OBJC_ARC = YES;
				CLANG_WARN_BOOL_CONVERSION = YES;
				CLANG_WARN_CONSTANT_CONVERSION = YES;
				CLANG_WARN_DIRECT_OBJC_ISA_USAGE = YES_ERROR;
				CLANG_WARN_EMPTY_BODY = YES;
				CLANG_WARN_ENUM_CONVERSION = YES;
				CLANG_WARN_INT_CONVERSION = YES;
				CLANG_WARN_OBJC_ROOT_CLASS = YES_ERROR;
				CLANG_WARN_UNREACHABLE_CODE = YES;
				CLANG_WARN__DUPLICATE_METHOD_MATCH = YES;
				"CODE_SIGN_IDENTITY[sdk=iphoneos*]" = "iPhone Developer";
				COPY_PHASE_STRIP = NO;
				DEBUG_INFORMATION_FORMAT = dwarf;
				ENABLE_STRICT_OBJC_MSGSEND = YES;
				ENABLE_TESTABILITY = YES;
				GCC_C_LANGUAGE_STANDARD = gnu99;
				GCC_DYNAMIC_NO_PIC = NO;
				GCC_NO_COMMON_BLOCKS = YES;
				GCC_OPTIMIZATION_LEVEL = 0;
				GCC_PREPROCESSOR_DEFINITIONS = (
					"DEBUG=1",
					"$(inherited)",
				);
				GCC_WARN_64_TO_32_BIT_CONVERSION = YES;
				GCC_WARN_ABOUT_RETURN_TYPE = YES_ERROR;
				GCC_WARN_UNDECLARED_SELECTOR = YES;
				GCC_WARN_UNINITIALIZED_AUTOS = YES_AGGRESSIVE;
				GCC_WARN_UNUSED_FUNCTION = YES;
				GCC_WARN_UNUSED_VARIABLE = YES;
				IPHONEOS_DEPLOYMENT_TARGET = 9.1;
				MTL_ENABLE_DEBUG_INFO = YES;
				ONLY_ACTIVE_ARCH = YES;
				SDKROOT = iphoneos;
				TARGETED_DEVICE_FAMILY = "1,2";
			};
			name = Debug;
		};
		96891DCD1BE0C6A8002FBB76 /* Release */ = {
			isa = XCBuildConfiguration;
			buildSettings = {
				ALWAYS_SEARCH_USER_PATHS = NO;
				CLANG_CXX_LANGUAGE_STANDARD = "gnu++0x";
				CLANG_CXX_LIBRARY = "libc++";
				CLANG_ENABLE_MODULES = YES;
				CLANG_ENABLE_OBJC_ARC = YES;
				CLANG_WARN_BOOL_CONVERSION = YES;
				CLANG_WARN_CONSTANT_CONVERSION = YES;
				CLANG_WARN_DIRECT_OBJC_ISA_USAGE = YES_ERROR;
				CLANG_WARN_EMPTY_BODY = YES;
				CLANG_WARN_ENUM_CONVERSION = YES;
				CLANG_WARN_INT_CONVERSION = YES;
				CLANG_WARN_OBJC_ROOT_CLASS = YES_ERROR;
				CLANG_WARN_UNREACHABLE_CODE = YES;
				CLANG_WARN__DUPLICATE_METHOD_MATCH = YES;
				"CODE_SIGN_IDENTITY[sdk=iphoneos*]" = "iPhone Developer";
				COPY_PHASE_STRIP = NO;
				DEBUG_INFORMATION_FORMAT = "dwarf-with-dsym";
				ENABLE_NS_ASSERTIONS = NO;
				ENABLE_STRICT_OBJC_MSGSEND = YES;
				GCC_C_LANGUAGE_STANDARD = gnu99;
				GCC_NO_COMMON_BLOCKS = YES;
				GCC_WARN_64_TO_32_BIT_CONVERSION = YES;
				GCC_WARN_ABOUT_RETURN_TYPE = YES_ERROR;
				GCC_WARN_UNDECLARED_SELECTOR = YES;
				GCC_WARN_UNINITIALIZED_AUTOS = YES_AGGRESSIVE;
				GCC_WARN_UNUSED_FUNCTION = YES;
				GCC_WARN_UNUSED_VARIABLE = YES;
				IPHONEOS_DEPLOYMENT_TARGET = 9.1;
				MTL_ENABLE_DEBUG_INFO = NO;
				SDKROOT = iphoneos;
				TARGETED_DEVICE_FAMILY = "1,2";
				VALIDATE_PRODUCT = YES;
			};
			name = Release;
		};
		96891DCF1BE0C6A8002FBB76 /* Debug */ = {
			isa = XCBuildConfiguration;
			buildSettings = {
				ASSETCATALOG_COMPILER_APPICON_NAME = AppIcon;
				INFOPLIST_FILE = test/Info.plist;
				LD_RUNPATH_SEARCH_PATHS = "$(inherited) @executable_path/Frameworks";
				PRODUCT_BUNDLE_IDENTIFIER = fr.test.test;
				PRODUCT_NAME = "$(TARGET_NAME)";
			};
			name = Debug;
		};
		96891DD01BE0C6A8002FBB76 /* Release */ = {
			isa = XCBuildConfiguration;
			buildSettings = {
				ASSETCATALOG_COMPILER_APPICON_NAME = AppIcon;
				INFOPLIST_FILE = test/Info.plist;
				LD_RUNPATH_SEARCH_PATHS = "$(inherited) @executable_path/Frameworks";
				PRODUCT_BUNDLE_IDENTIFIER = fr.test.test;
				PRODUCT_NAME = "$(TARGET_NAME)";
			};
			name = Release;
		};
/* End XCBuildConfiguration section */

/* Begin XCConfigurationList section */
		96891DB21BE0C6A8002FBB76 /* Build configuration list for PBXProject "test" */ = {
			isa = XCConfigurationList;
			buildConfigurations = (
				96891DCC1BE0C6A8002FBB76 /* Debug */,
				96891DCD1BE0C6A8002FBB76 /* Release */,
			);
			defaultConfigurationIsVisible = 0;
			defaultConfigurationName = Release;
		};
		96891DCE1BE0C6A8002FBB76 /* Build configuration list for PBXNativeTarget "test" */ = {
			isa = XCConfigurationList;
			buildConfigurations = (
				96891DCF1BE0C6A8002FBB76 /* Debug */,
				96891DD01BE0C6A8002FBB76 /* Release */,
			);
			defaultConfigurationIsVisible = 0;
		};
/* End XCConfigurationList section */
	};
	rootObject = 96891DAF1BE0C6A8002FBB76 /* Project object */;
}
