// !$*UTF8*$!
{
	archiveVersion = 1;
	classes = {
	};
	objectVersion = 46;
	objects = {

/* Begin PBXBuildFile section */
		963A66BD1BE134C500416D7C /* main.m in Sources */ = {isa = PBXBuildFile; fileRef = 963A66BC1BE134C500416D7C /* main.m */; };
		963A66C01BE134C500416D7C /* AppDelegate.m in Sources */ = {isa = PBXBuildFile; fileRef = 963A66BF1BE134C500416D7C /* AppDelegate.m */; };
		963A66C31BE134C500416D7C /* ViewController.m in Sources */ = {isa = PBXBuildFile; fileRef = 963A66C21BE134C500416D7C /* ViewController.m */; };
		963A66C61BE134C500416D7C /* Main.storyboard in Resources */ = {isa = PBXBuildFile; fileRef = 963A66C41BE134C500416D7C /* Main.storyboard */; };
		963A66C81BE134C500416D7C /* Assets.xcassets in Resources */ = {isa = PBXBuildFile; fileRef = 963A66C71BE134C500416D7C /* Assets.xcassets */; };
		963A66CB1BE134C500416D7C /* LaunchScreen.storyboard in Resources */ = {isa = PBXBuildFile; fileRef = 963A66C91BE134C500416D7C /* LaunchScreen.storyboard */; };
		963A66D41BE1353200416D7C /* venise.jpg in Resources */ = {isa = PBXBuildFile; fileRef = 963A66D31BE1353200416D7C /* venise.jpg */; };
/* End PBXBuildFile section */

/* Begin PBXFileReference section */
		963A66B81BE134C500416D7C /* Taille trop grande.app */ = {isa = PBXFileReference; explicitFileType = wrapper.application; includeInIndex = 0; path = "Taille trop grande.app"; sourceTree = BUILT_PRODUCTS_DIR; };
		963A66BC1BE134C500416D7C /* main.m */ = {isa = PBXFileReference; lastKnownFileType = sourcecode.c.objc; path = main.m; sourceTree = "<group>"; };
		963A66BE1BE134C500416D7C /* AppDelegate.h */ = {isa = PBXFileReference; lastKnownFileType = sourcecode.c.h; path = AppDelegate.h; sourceTree = "<group>"; };
		963A66BF1BE134C500416D7C /* AppDelegate.m */ = {isa = PBXFileReference; lastKnownFileType = sourcecode.c.objc; path = AppDelegate.m; sourceTree = "<group>"; };
		963A66C11BE134C500416D7C /* ViewController.h */ = {isa = PBXFileReference; lastKnownFileType = sourcecode.c.h; path = ViewController.h; sourceTree = "<group>"; };
		963A66C21BE134C500416D7C /* ViewController.m */ = {isa = PBXFileReference; lastKnownFileType = sourcecode.c.objc; path = ViewController.m; sourceTree = "<group>"; };
		963A66C51BE134C500416D7C /* Base */ = {isa = PBXFileReference; lastKnownFileType = file.storyboard; name = Base; path = Base.lproj/Main.storyboard; sourceTree = "<group>"; };
		963A66C71BE134C500416D7C /* Assets.xcassets */ = {isa = PBXFileReference; lastKnownFileType = folder.assetcatalog; path = Assets.xcassets; sourceTree = "<group>"; };
		963A66CA1BE134C500416D7C /* Base */ = {isa = PBXFileReference; lastKnownFileType = file.storyboard; name = Base; path = Base.lproj/LaunchScreen.storyboard; sourceTree = "<group>"; };
		963A66CC1BE134C500416D7C /* Info.plist */ = {isa = PBXFileReference; lastKnownFileType = text.plist.xml; path = Info.plist; sourceTree = "<group>"; };
		963A66D31BE1353200416D7C /* venise.jpg */ = {isa = PBXFileReference; lastKnownFileType = image.jpeg; path = venise.jpg; sourceTree = "<group>"; };
/* End PBXFileReference section */

/* Begin PBXFrameworksBuildPhase section */
		963A66B51BE134C500416D7C /* Frameworks */ = {
			isa = PBXFrameworksBuildPhase;
			buildActionMask = 2147483647;
			files = (
			);
			runOnlyForDeploymentPostprocessing = 0;
		};
/* End PBXFrameworksBuildPhase section */

/* Begin PBXGroup section */
		963A66AF1BE134C500416D7C = {
			isa = PBXGroup;
			children = (
				963A66BA1BE134C500416D7C /* Taille trop grande */,
				963A66B91BE134C500416D7C /* Products */,
			);
			sourceTree = "<group>";
		};
		963A66B91BE134C500416D7C /* Products */ = {
			isa = PBXGroup;
			children = (
				963A66B81BE134C500416D7C /* Taille trop grande.app */,
			);
			name = Products;
			sourceTree = "<group>";
		};
		963A66BA1BE134C500416D7C /* Taille trop grande */ = {
			isa = PBXGroup;
			children = (
				963A66D21BE1351400416D7C /* Resources */,
				963A66BE1BE134C500416D7C /* AppDelegate.h */,
				963A66BF1BE134C500416D7C /* AppDelegate.m */,
				963A66C11BE134C500416D7C /* ViewController.h */,
				963A66C21BE134C500416D7C /* ViewController.m */,
				963A66C41BE134C500416D7C /* Main.storyboard */,
				963A66C71BE134C500416D7C /* Assets.xcassets */,
				963A66C91BE134C500416D7C /* LaunchScreen.storyboard */,
				963A66CC1BE134C500416D7C /* Info.plist */,
				963A66BB1BE134C500416D7C /* Supporting Files */,
			);
			path = "Taille trop grande";
			sourceTree = "<group>";
		};
		963A66BB1BE134C500416D7C /* Supporting Files */ = {
			isa = PBXGroup;
			children = (
				963A66BC1BE134C500416D7C /* main.m */,
			);
			name = "Supporting Files";
			sourceTree = "<group>";
		};
		963A66D21BE1351400416D7C /* Resources */ = {
			isa = PBXGroup;
			children = (
				963A66D31BE1353200416D7C /* venise.jpg */,
			);
			name = Resources;
			sourceTree = "<group>";
		};
/* End PBXGroup section */

/* Begin PBXNativeTarget section */
		963A66B71BE134C500416D7C /* Taille trop grande */ = {
			isa = PBXNativeTarget;
			buildConfigurationList = 963A66CF1BE134C500416D7C /* Build configuration list for PBXNativeTarget "Taille trop grande" */;
			buildPhases = (
				963A66B41BE134C500416D7C /* Sources */,
				963A66B51BE134C500416D7C /* Frameworks */,
				963A66B61BE134C500416D7C /* Resources */,
			);
			buildRules = (
			);
			dependencies = (
			);
			name = "Taille trop grande";
			productName = "Taille trop grande";
			productReference = 963A66B81BE134C500416D7C /* Taille trop grande.app */;
			productType = "com.apple.product-type.application";
		};
/* End PBXNativeTarget section */

/* Begin PBXProject section */
		963A66B01BE134C500416D7C /* Project object */ = {
			isa = PBXProject;
			attributes = {
				LastUpgradeCheck = 0710;
				ORGANIZATIONNAME = "Baptiste Lanusse";
				TargetAttributes = {
					963A66B71BE134C500416D7C = {
						CreatedOnToolsVersion = 7.1;
					};
				};
			};
			buildConfigurationList = 963A66B31BE134C500416D7C /* Build configuration list for PBXProject "Taille trop grande" */;
			compatibilityVersion = "Xcode 3.2";
			developmentRegion = English;
			hasScannedForEncodings = 0;
			knownRegions = (
				en,
				Base,
			);
			mainGroup = 963A66AF1BE134C500416D7C;
			productRefGroup = 963A66B91BE134C500416D7C /* Products */;
			projectDirPath = "";
			projectRoot = "";
			targets = (
				963A66B71BE134C500416D7C /* Taille trop grande */,
			);
		};
/* End PBXProject section */

/* Begin PBXResourcesBuildPhase section */
		963A66B61BE134C500416D7C /* Resources */ = {
			isa = PBXResourcesBuildPhase;
			buildActionMask = 2147483647;
			files = (
				963A66CB1BE134C500416D7C /* LaunchScreen.storyboard in Resources */,
				963A66C81BE134C500416D7C /* Assets.xcassets in Resources */,
				963A66C61BE134C500416D7C /* Main.storyboard in Resources */,
				963A66D41BE1353200416D7C /* venise.jpg in Resources */,
			);
			runOnlyForDeploymentPostprocessing = 0;
		};
/* End PBXResourcesBuildPhase section */

/* Begin PBXSourcesBuildPhase section */
		963A66B41BE134C500416D7C /* Sources */ = {
			isa = PBXSourcesBuildPhase;
			buildActionMask = 2147483647;
			files = (
				963A66C31BE134C500416D7C /* ViewController.m in Sources */,
				963A66C01BE134C500416D7C /* AppDelegate.m in Sources */,
				963A66BD1BE134C500416D7C /* main.m in Sources */,
			);
			runOnlyForDeploymentPostprocessing = 0;
		};
/* End PBXSourcesBuildPhase section */

/* Begin PBXVariantGroup section */
		963A66C41BE134C500416D7C /* Main.storyboard */ = {
			isa = PBXVariantGroup;
			children = (
				963A66C51BE134C500416D7C /* Base */,
			);
			name = Main.storyboard;
			sourceTree = "<group>";
		};
		963A66C91BE134C500416D7C /* LaunchScreen.storyboard */ = {
			isa = PBXVariantGroup;
			children = (
				963A66CA1BE134C500416D7C /* Base */,
			);
			name = LaunchScreen.storyboard;
			sourceTree = "<group>";
		};
/* End PBXVariantGroup section */

/* Begin XCBuildConfiguration section */
		963A66CD1BE134C500416D7C /* Debug */ = {
			isa = XCBuildConfiguration;
			buildSettings = {
				ALWAYS_SEARCH_USER_PATHS = NO;
				CLANG_CXX_LANGUAGE_STANDARD = "gnu++0x";
				CLANG_CXX_LIBRARY = "libc++";
				CLANG_ENABLE_MODULES = YES;
				CLANG_ENABLE_OBJC_ARC = YES;
				CLANG_WARN_BOOL_CONVERSION = YES;
				CLANG_WARN_CONSTANT_CONVERSION = YES;
				CLANG_WARN_DIRECT_OBJC_ISA_USAGE = YES_ERROR;
				CLANG_WARN_EMPTY_BODY = YES;
				CLANG_WARN_ENUM_CONVERSION = YES;
				CLANG_WARN_INT_CONVERSION = YES;
				CLANG_WARN_OBJC_ROOT_CLASS = YES_ERROR;
				CLANG_WARN_UNREACHABLE_CODE = YES;
				CLANG_WARN__DUPLICATE_METHOD_MATCH = YES;
				"CODE_SIGN_IDENTITY[sdk=iphoneos*]" = "iPhone Developer";
				COPY_PHASE_STRIP = NO;
				DEBUG_INFORMATION_FORMAT = dwarf;
				ENABLE_STRICT_OBJC_MSGSEND = YES;
				ENABLE_TESTABILITY = YES;
				GCC_C_LANGUAGE_STANDARD = gnu99;
				GCC_DYNAMIC_NO_PIC = NO;
				GCC_NO_COMMON_BLOCKS = YES;
				GCC_OPTIMIZATION_LEVEL = 0;
				GCC_PREPROCESSOR_DEFINITIONS = (
					"DEBUG=1",
					"$(inherited)",
				);
				GCC_WARN_64_TO_32_BIT_CONVERSION = YES;
				GCC_WARN_ABOUT_RETURN_TYPE = YES_ERROR;
				GCC_WARN_UNDECLARED_SELECTOR = YES;
				GCC_WARN_UNINITIALIZED_AUTOS = YES_AGGRESSIVE;
				GCC_WARN_UNUSED_FUNCTION = YES;
				GCC_WARN_UNUSED_VARIABLE = YES;
				IPHONEOS_DEPLOYMENT_TARGET = 9.1;
				MTL_ENABLE_DEBUG_INFO = YES;
				ONLY_ACTIVE_ARCH = YES;
				SDKROOT = iphoneos;
			};
			name = Debug;
		};
		963A66CE1BE134C500416D7C /* Release */ = {
			isa = XCBuildConfiguration;
			buildSettings = {
				ALWAYS_SEARCH_USER_PATHS = NO;
				CLANG_CXX_LANGUAGE_STANDARD = "gnu++0x";
				CLANG_CXX_LIBRARY = "libc++";
				CLANG_ENABLE_MODULES = YES;
				CLANG_ENABLE_OBJC_ARC = YES;
				CLANG_WARN_BOOL_CONVERSION = YES;
				CLANG_WARN_CONSTANT_CONVERSION = YES;
				CLANG_WARN_DIRECT_OBJC_ISA_USAGE = YES_ERROR;
				CLANG_WARN_EMPTY_BODY = YES;
				CLANG_WARN_ENUM_CONVERSION = YES;
				CLANG_WARN_INT_CONVERSION = YES;
				CLANG_WARN_OBJC_ROOT_CLASS = YES_ERROR;
				CLANG_WARN_UNREACHABLE_CODE = YES;
				CLANG_WARN__DUPLICATE_METHOD_MATCH = YES;
				"CODE_SIGN_IDENTITY[sdk=iphoneos*]" = "iPhone Developer";
				COPY_PHASE_STRIP = NO;
				DEBUG_INFORMATION_FORMAT = "dwarf-with-dsym";
				ENABLE_NS_ASSERTIONS = NO;
				ENABLE_STRICT_OBJC_MSGSEND = YES;
				GCC_C_LANGUAGE_STANDARD = gnu99;
				GCC_NO_COMMON_BLOCKS = YES;
				GCC_WARN_64_TO_32_BIT_CONVERSION = YES;
				GCC_WARN_ABOUT_RETURN_TYPE = YES_ERROR;
				GCC_WARN_UNDECLARED_SELECTOR = YES;
				GCC_WARN_UNINITIALIZED_AUTOS = YES_AGGRESSIVE;
				GCC_WARN_UNUSED_FUNCTION = YES;
				GCC_WARN_UNUSED_VARIABLE = YES;
				IPHONEOS_DEPLOYMENT_TARGET = 9.1;
				MTL_ENABLE_DEBUG_INFO = NO;
				SDKROOT = iphoneos;
				VALIDATE_PRODUCT = YES;
			};
			name = Release;
		};
		963A66D01BE134C500416D7C /* Debug */ = {
			isa = XCBuildConfiguration;
			buildSettings = {
				ASSETCATALOG_COMPILER_APPICON_NAME = AppIcon;
				INFOPLIST_FILE = "Taille trop grande/Info.plist";
				LD_RUNPATH_SEARCH_PATHS = "$(inherited) @executable_path/Frameworks";
				PRODUCT_BUNDLE_IDENTIFIER = "fr.test.Taille-trop-grande";
				PRODUCT_NAME = "$(TARGET_NAME)";
			};
			name = Debug;
		};
		963A66D11BE134C500416D7C /* Release */ = {
			isa = XCBuildConfiguration;
			buildSettings = {
				ASSETCATALOG_COMPILER_APPICON_NAME = AppIcon;
				INFOPLIST_FILE = "Taille trop grande/Info.plist";
				LD_RUNPATH_SEARCH_PATHS = "$(inherited) @executable_path/Frameworks";
				PRODUCT_BUNDLE_IDENTIFIER = "fr.test.Taille-trop-grande";
				PRODUCT_NAME = "$(TARGET_NAME)";
			};
			name = Release;
		};
/* End XCBuildConfiguration section */

/* Begin XCConfigurationList section */
		963A66B31BE134C500416D7C /* Build configuration list for PBXProject "Taille trop grande" */ = {
			isa = XCConfigurationList;
			buildConfigurations = (
				963A66CD1BE134C500416D7C /* Debug */,
				963A66CE1BE134C500416D7C /* Release */,
			);
			defaultConfigurationIsVisible = 0;
			defaultConfigurationName = Release;
		};
		963A66CF1BE134C500416D7C /* Build configuration list for PBXNativeTarget "Taille trop grande" */ = {
			isa = XCConfigurationList;
			buildConfigurations = (
				963A66D01BE134C500416D7C /* Debug */,
				963A66D11BE134C500416D7C /* Release */,
			);
			defaultConfigurationIsVisible = 0;
		};
/* End XCConfigurationList section */
	};
	rootObject = 963A66B01BE134C500416D7C /* Project object */;
}
